
Microsoft Visual Studio Solution File, Format Version 11.00
# Visual Studio 2010
Project("{FAE04EC0-301F-11D3-BF4B-00C04F79EFBC}") = "LearnPrism", "LearnPrism\LearnPrism.csproj", "{CAB27C4E-630F-4936-A475-7153439F2A31}"
EndProject
Project("{FAE04EC0-301F-11D3-BF4B-00C04F79EFBC}") = "VideoPlayerInterfacesLibrary", "VideoPlayerInterfacesLibrary\VideoPlayerInterfacesLibrary.csproj", "{9BF0C667-2F93-457D-82E1-8E117BAA89A3}"
EndProject
Project("{FAE04EC0-301F-11D3-BF4B-00C04F79EFBC}") = "VideoPlayerInputOutputLibrary", "VideoPlayerInputOutputLibraries\VideoPlayerInputOutputLibrary.csproj", "{BB7C0285-8F1B-44D5-9B35-AE43DE07746D}"
EndProject
Project("{FAE04EC0-301F-11D3-BF4B-00C04F79EFBC}") = "MoviePlayerLibrary", "MoviePlayer\MoviePlayerLibrary.csproj", "{AED5A3E7-5959-40E2-B586-0E186CA6F477}"
EndProject
Project("{FAE04EC0-301F-11D3-BF4B-00C04F79EFBC}") = "MainModule", "MainModule\MainModule.csproj", "{ECC43BE0-686E-47BA-BAB5-E58BE2CB4A0D}"
EndProject
Global
	GlobalSection(SolutionConfigurationPlatforms) = preSolution
		Debug|Any CPU = Debug|Any CPU
		Debug|Mixed Platforms = Debug|Mixed Platforms
		Debug|x86 = Debug|x86
		Release|Any CPU = Release|Any CPU
		Release|Mixed Platforms = Release|Mixed Platforms
		Release|x86 = Release|x86
	EndGlobalSection
	GlobalSection(ProjectConfigurationPlatforms) = postSolution
		{CAB27C4E-630F-4936-A475-7153439F2A31}.Debug|Any CPU.ActiveCfg = Debug|x86
		{CAB27C4E-630F-4936-A475-7153439F2A31}.Debug|Mixed Platforms.ActiveCfg = Debug|x86
		{CAB27C4E-630F-4936-A475-7153439F2A31}.Debug|Mixed Platforms.Build.0 = Debug|x86
		{CAB27C4E-630F-4936-A475-7153439F2A31}.Debug|x86.ActiveCfg = Debug|x86
		{CAB27C4E-630F-4936-A475-7153439F2A31}.Debug|x86.Build.0 = Debug|x86
		{CAB27C4E-630F-4936-A475-7153439F2A31}.Release|Any CPU.ActiveCfg = Release|x86
		{CAB27C4E-630F-4936-A475-7153439F2A31}.Release|Mixed Platforms.ActiveCfg = Release|x86
		{CAB27C4E-630F-4936-A475-7153439F2A31}.Release|Mixed Platforms.Build.0 = Release|x86
		{CAB27C4E-630F-4936-A475-7153439F2A31}.Release|x86.ActiveCfg = Release|x86
		{CAB27C4E-630F-4936-A475-7153439F2A31}.Release|x86.Build.0 = Release|x86
		{9BF0C667-2F93-457D-82E1-8E117BAA89A3}.Debug|Any CPU.ActiveCfg = Debug|Any CPU
		{9BF0C667-2F93-457D-82E1-8E117BAA89A3}.Debug|Any CPU.Build.0 = Debug|Any CPU
		{9BF0C667-2F93-457D-82E1-8E117BAA89A3}.Debug|Mixed Platforms.ActiveCfg = Debug|Any CPU
		{9BF0C667-2F93-457D-82E1-8E117BAA89A3}.Debug|Mixed Platforms.Build.0 = Debug|Any CPU
		{9BF0C667-2F93-457D-82E1-8E117BAA89A3}.Debug|x86.ActiveCfg = Debug|Any CPU
		{9BF0C667-2F93-457D-82E1-8E117BAA89A3}.Release|Any CPU.ActiveCfg = Release|Any CPU
		{9BF0C667-2F93-457D-82E1-8E117BAA89A3}.Release|Any CPU.Build.0 = Release|Any CPU
		{9BF0C667-2F93-457D-82E1-8E117BAA89A3}.Release|Mixed Platforms.ActiveCfg = Release|Any CPU
		{9BF0C667-2F93-457D-82E1-8E117BAA89A3}.Release|Mixed Platforms.Build.0 = Release|Any CPU
		{9BF0C667-2F93-457D-82E1-8E117BAA89A3}.Release|x86.ActiveCfg = Release|Any CPU
		{BB7C0285-8F1B-44D5-9B35-AE43DE07746D}.Debug|Any CPU.ActiveCfg = Debug|Any CPU
		{BB7C0285-8F1B-44D5-9B35-AE43DE07746D}.Debug|Any CPU.Build.0 = Debug|Any CPU
		{BB7C0285-8F1B-44D5-9B35-AE43DE07746D}.Debug|Mixed Platforms.ActiveCfg = Debug|Any CPU
		{BB7C0285-8F1B-44D5-9B35-AE43DE07746D}.Debug|Mixed Platforms.Build.0 = Debug|Any CPU
		{BB7C0285-8F1B-44D5-9B35-AE43DE07746D}.Debug|x86.ActiveCfg = Debug|Any CPU
		{BB7C0285-8F1B-44D5-9B35-AE43DE07746D}.Release|Any CPU.ActiveCfg = Release|Any CPU
		{BB7C0285-8F1B-44D5-9B35-AE43DE07746D}.Release|Any CPU.Build.0 = Release|Any CPU
		{BB7C0285-8F1B-44D5-9B35-AE43DE07746D}.Release|Mixed Platforms.ActiveCfg = Release|Any CPU
		{BB7C0285-8F1B-44D5-9B35-AE43DE07746D}.Release|Mixed Platforms.Build.0 = Release|Any CPU
		{BB7C0285-8F1B-44D5-9B35-AE43DE07746D}.Release|x86.ActiveCfg = Release|Any CPU
		{AED5A3E7-5959-40E2-B586-0E186CA6F477}.Debug|Any CPU.ActiveCfg = Debug|Any CPU
		{AED5A3E7-5959-40E2-B586-0E186CA6F477}.Debug|Any CPU.Build.0 = Debug|Any CPU
		{AED5A3E7-5959-40E2-B586-0E186CA6F477}.Debug|Mixed Platforms.ActiveCfg = Debug|Any CPU
		{AED5A3E7-5959-40E2-B586-0E186CA6F477}.Debug|Mixed Platforms.Build.0 = Debug|Any CPU
		{AED5A3E7-5959-40E2-B586-0E186CA6F477}.Debug|x86.ActiveCfg = Debug|Any CPU
		{AED5A3E7-5959-40E2-B586-0E186CA6F477}.Release|Any CPU.ActiveCfg = Release|Any CPU
		{AED5A3E7-5959-40E2-B586-0E186CA6F477}.Release|Any CPU.Build.0 = Release|Any CPU
		{AED5A3E7-5959-40E2-B586-0E186CA6F477}.Release|Mixed Platforms.ActiveCfg = Release|Any CPU
		{AED5A3E7-5959-40E2-B586-0E186CA6F477}.Release|Mixed Platforms.Build.0 = Release|Any CPU
		{AED5A3E7-5959-40E2-B586-0E186CA6F477}.Release|x86.ActiveCfg = Release|Any CPU
		{ECC43BE0-686E-47BA-BAB5-E58BE2CB4A0D}.Debug|Any CPU.ActiveCfg = Debug|Any CPU
		{ECC43BE0-686E-47BA-BAB5-E58BE2CB4A0D}.Debug|Any CPU.Build.0 = Debug|Any CPU
		{ECC43BE0-686E-47BA-BAB5-E58BE2CB4A0D}.Debug|Mixed Platforms.ActiveCfg = Debug|Any CPU
		{ECC43BE0-686E-47BA-BAB5-E58BE2CB4A0D}.Debug|Mixed Platforms.Build.0 = Debug|Any CPU
		{ECC43BE0-686E-47BA-BAB5-E58BE2CB4A0D}.Debug|x86.ActiveCfg = Debug|Any CPU
		{ECC43BE0-686E-47BA-BAB5-E58BE2CB4A0D}.Release|Any CPU.ActiveCfg = Release|Any CPU
		{ECC43BE0-686E-47BA-BAB5-E58BE2CB4A0D}.Release|Any CPU.Build.0 = Release|Any CPU
		{ECC43BE0-686E-47BA-BAB5-E58BE2CB4A0D}.Release|Mixed Platforms.ActiveCfg = Release|Any CPU
		{ECC43BE0-686E-47BA-BAB5-E58BE2CB4A0D}.Release|Mixed Platforms.Build.0 = Release|Any CPU
		{ECC43BE0-686E-47BA-BAB5-E58BE2CB4A0D}.Release|x86.ActiveCfg = Release|Any CPU
	EndGlobalSection
	GlobalSection(SolutionProperties) = preSolution
		HideSolutionNode = FALSE
	EndGlobalSection
EndGlobal
